// !$*UTF8*$!
{
	archiveVersion = 1;
	classes = {
	};
	objectVersion = 46;
	objects = {

/* Begin PBXBuildFile section */
		1F11B6AB1AD807CF00F2BCC4 /* PhotoCell.m in Sources */ = {isa = PBXBuildFile; fileRef = 1F11B6AA1AD807CF00F2BCC4 /* PhotoCell.m */; };
		1F3C3FF41AD426C30001A166 /* ELCAlbumPickerController.m in Sources */ = {isa = PBXBuildFile; fileRef = 1F3C3FE41AD426C30001A166 /* ELCAlbumPickerController.m */; };
		1F3C3FF51AD426C30001A166 /* ELCAsset.m in Sources */ = {isa = PBXBuildFile; fileRef = 1F3C3FE61AD426C30001A166 /* ELCAsset.m */; };
		1F3C3FF61AD426C30001A166 /* ELCAssetCell.m in Sources */ = {isa = PBXBuildFile; fileRef = 1F3C3FE81AD426C30001A166 /* ELCAssetCell.m */; };
		1F3C3FF71AD426C30001A166 /* ELCAssetTablePicker.m in Sources */ = {isa = PBXBuildFile; fileRef = 1F3C3FEC1AD426C30001A166 /* ELCAssetTablePicker.m */; };
		1F3C3FF81AD426C30001A166 /* ELCConsole.m in Sources */ = {isa = PBXBuildFile; fileRef = 1F3C3FEE1AD426C30001A166 /* ELCConsole.m */; };
		1F3C3FF91AD426C30001A166 /* ELCImagePickerController.m in Sources */ = {isa = PBXBuildFile; fileRef = 1F3C3FF01AD426C30001A166 /* ELCImagePickerController.m */; };
		1F3C3FFA1AD426C30001A166 /* ELCOverlayImageView.m in Sources */ = {isa = PBXBuildFile; fileRef = 1F3C3FF31AD426C30001A166 /* ELCOverlayImageView.m */; };
		1F3C40001AD427060001A166 /* ELCImagePickerDemoAppDelegate.m in Sources */ = {isa = PBXBuildFile; fileRef = 1F3C3FFD1AD427060001A166 /* ELCImagePickerDemoAppDelegate.m */; };
		1F3C40011AD427060001A166 /* ELCImagePickerDemoViewController.m in Sources */ = {isa = PBXBuildFile; fileRef = 1F3C3FFF1AD427060001A166 /* ELCImagePickerDemoViewController.m */; };
		1F3C40041AD427210001A166 /* Overlay.png in Resources */ = {isa = PBXBuildFile; fileRef = 1F3C40021AD427210001A166 /* Overlay.png */; };
		1F3C40051AD427210001A166 /* Overlay@2x.png in Resources */ = {isa = PBXBuildFile; fileRef = 1F3C40031AD427210001A166 /* Overlay@2x.png */; };
		1F6AE5EB1AD5567C00E9FECA /* linen.jpg in Resources */ = {isa = PBXBuildFile; fileRef = 1F6AE5EA1AD5567C00E9FECA /* linen.jpg */; };
		1F7B18F51ADAC3F9008C0F8B /* Utils.m in Sources */ = {isa = PBXBuildFile; fileRef = 1F7B18F41ADAC3F9008C0F8B /* Utils.m */; };
		1FCC39E21AD004640086B533 /* main.m in Sources */ = {isa = PBXBuildFile; fileRef = 1FCC39E11AD004640086B533 /* main.m */; };
		1FCC39E51AD004640086B533 /* AppDelegate.m in Sources */ = {isa = PBXBuildFile; fileRef = 1FCC39E41AD004640086B533 /* AppDelegate.m */; };
		1FCC39E81AD004640086B533 /* ViewController.m in Sources */ = {isa = PBXBuildFile; fileRef = 1FCC39E71AD004640086B533 /* ViewController.m */; };
		1FCC39EB1AD004640086B533 /* Main.storyboard in Resources */ = {isa = PBXBuildFile; fileRef = 1FCC39E91AD004640086B533 /* Main.storyboard */; };
		1FCC39ED1AD004640086B533 /* Images.xcassets in Resources */ = {isa = PBXBuildFile; fileRef = 1FCC39EC1AD004640086B533 /* Images.xcassets */; };
		1FCC39F01AD004640086B533 /* LaunchScreen.xib in Resources */ = {isa = PBXBuildFile; fileRef = 1FCC39EE1AD004640086B533 /* LaunchScreen.xib */; };
		1FCC39FC1AD004640086B533 /* SendPhotoTests.m in Sources */ = {isa = PBXBuildFile; fileRef = 1FCC39FB1AD004640086B533 /* SendPhotoTests.m */; };
		1FCD58911AD0166F0072F97D /* PhotoSelectedViewController.m in Sources */ = {isa = PBXBuildFile; fileRef = 1FCD588C1AD0166F0072F97D /* PhotoSelectedViewController.m */; };
		1FCD58921AD0166F0072F97D /* RearMenuViewController.m in Sources */ = {isa = PBXBuildFile; fileRef = 1FCD588E1AD0166F0072F97D /* RearMenuViewController.m */; };
		1FCD58931AD0166F0072F97D /* SWRevealViewController.m in Sources */ = {isa = PBXBuildFile; fileRef = 1FCD58901AD0166F0072F97D /* SWRevealViewController.m */; };
		1FCD589D1AD016F20072F97D /* DatabaseManager.m in Sources */ = {isa = PBXBuildFile; fileRef = 1FCD589A1AD016F20072F97D /* DatabaseManager.m */; };
		1FCD589E1AD016F20072F97D /* PhotoManager.m in Sources */ = {isa = PBXBuildFile; fileRef = 1FCD589C1AD016F20072F97D /* PhotoManager.m */; };
		1FCD58A41AD017180072F97D /* flax_texture_1.jpg in Resources */ = {isa = PBXBuildFile; fileRef = 1FCD589F1AD017180072F97D /* flax_texture_1.jpg */; };
		1FCD58A51AD017180072F97D /* menu.png in Resources */ = {isa = PBXBuildFile; fileRef = 1FCD58A01AD017180072F97D /* menu.png */; };
		1FCD58A61AD017180072F97D /* menu@2x.png in Resources */ = {isa = PBXBuildFile; fileRef = 1FCD58A11AD017180072F97D /* menu@2x.png */; };
		1FCD58A71AD017180072F97D /* wood_texture_1.jpg in Resources */ = {isa = PBXBuildFile; fileRef = 1FCD58A21AD017180072F97D /* wood_texture_1.jpg */; };
		1FCD58A81AD017180072F97D /* wood_texture_2.jpg in Resources */ = {isa = PBXBuildFile; fileRef = 1FCD58A31AD017180072F97D /* wood_texture_2.jpg */; };
		1FCD58AC1AD017320072F97D /* Photo.m in Sources */ = {isa = PBXBuildFile; fileRef = 1FCD58AB1AD017320072F97D /* Photo.m */; };
		1FCD58B41AD017690072F97D /* UIImage+Alpha.m in Sources */ = {isa = PBXBuildFile; fileRef = 1FCD58AF1AD017690072F97D /* UIImage+Alpha.m */; };
		1FCD58B51AD017690072F97D /* UIImage+Resize.m in Sources */ = {isa = PBXBuildFile; fileRef = 1FCD58B11AD017690072F97D /* UIImage+Resize.m */; };
		1FCD58B61AD017690072F97D /* UIImage+RoundedCorner.m in Sources */ = {isa = PBXBuildFile; fileRef = 1FCD58B31AD017690072F97D /* UIImage+RoundedCorner.m */; };
		48552DEFB2F6468E7506D237 /* libPods.a in Frameworks */ = {isa = PBXBuildFile; fileRef = 9B8627AA9AD80F71C70F8CFF /* libPods.a */; };
/* End PBXBuildFile section */

/* Begin PBXContainerItemProxy section */
		1FCC39F61AD004640086B533 /* PBXContainerItemProxy */ = {
			isa = PBXContainerItemProxy;
			containerPortal = 1FCC39D41AD004640086B533 /* Project object */;
			proxyType = 1;
			remoteGlobalIDString = 1FCC39DB1AD004640086B533;
			remoteInfo = SendPhoto;
		};
/* End PBXContainerItemProxy section */

/* Begin PBXFileReference section */
		1F11B6A91AD807CF00F2BCC4 /* PhotoCell.h */ = {isa = PBXFileReference; fileEncoding = 4; lastKnownFileType = sourcecode.c.h; path = PhotoCell.h; sourceTree = "<group>"; };
		1F11B6AA1AD807CF00F2BCC4 /* PhotoCell.m */ = {isa = PBXFileReference; fileEncoding = 4; lastKnownFileType = sourcecode.c.objc; path = PhotoCell.m; sourceTree = "<group>"; };
		1F3C3FE31AD426C30001A166 /* ELCAlbumPickerController.h */ = {isa = PBXFileReference; fileEncoding = 4; lastKnownFileType = sourcecode.c.h; path = ELCAlbumPickerController.h; sourceTree = "<group>"; };
		1F3C3FE41AD426C30001A166 /* ELCAlbumPickerController.m */ = {isa = PBXFileReference; fileEncoding = 4; lastKnownFileType = sourcecode.c.objc; path = ELCAlbumPickerController.m; sourceTree = "<group>"; };
		1F3C3FE51AD426C30001A166 /* ELCAsset.h */ = {isa = PBXFileReference; fileEncoding = 4; lastKnownFileType = sourcecode.c.h; path = ELCAsset.h; sourceTree = "<group>"; };
		1F3C3FE61AD426C30001A166 /* ELCAsset.m */ = {isa = PBXFileReference; fileEncoding = 4; lastKnownFileType = sourcecode.c.objc; path = ELCAsset.m; sourceTree = "<group>"; };
		1F3C3FE71AD426C30001A166 /* ELCAssetCell.h */ = {isa = PBXFileReference; fileEncoding = 4; lastKnownFileType = sourcecode.c.h; path = ELCAssetCell.h; sourceTree = "<group>"; };
		1F3C3FE81AD426C30001A166 /* ELCAssetCell.m */ = {isa = PBXFileReference; fileEncoding = 4; lastKnownFileType = sourcecode.c.objc; path = ELCAssetCell.m; sourceTree = "<group>"; };
		1F3C3FE91AD426C30001A166 /* ELCAssetPickerFilterDelegate.h */ = {isa = PBXFileReference; fileEncoding = 4; lastKnownFileType = sourcecode.c.h; path = ELCAssetPickerFilterDelegate.h; sourceTree = "<group>"; };
		1F3C3FEA1AD426C30001A166 /* ELCAssetSelectionDelegate.h */ = {isa = PBXFileReference; fileEncoding = 4; lastKnownFileType = sourcecode.c.h; path = ELCAssetSelectionDelegate.h; sourceTree = "<group>"; };
		1F3C3FEB1AD426C30001A166 /* ELCAssetTablePicker.h */ = {isa = PBXFileReference; fileEncoding = 4; lastKnownFileType = sourcecode.c.h; path = ELCAssetTablePicker.h; sourceTree = "<group>"; };
		1F3C3FEC1AD426C30001A166 /* ELCAssetTablePicker.m */ = {isa = PBXFileReference; fileEncoding = 4; lastKnownFileType = sourcecode.c.objc; path = ELCAssetTablePicker.m; sourceTree = "<group>"; };
		1F3C3FED1AD426C30001A166 /* ELCConsole.h */ = {isa = PBXFileReference; fileEncoding = 4; lastKnownFileType = sourcecode.c.h; path = ELCConsole.h; sourceTree = "<group>"; };
		1F3C3FEE1AD426C30001A166 /* ELCConsole.m */ = {isa = PBXFileReference; fileEncoding = 4; lastKnownFileType = sourcecode.c.objc; path = ELCConsole.m; sourceTree = "<group>"; };
		1F3C3FEF1AD426C30001A166 /* ELCImagePickerController.h */ = {isa = PBXFileReference; fileEncoding = 4; lastKnownFileType = sourcecode.c.h; path = ELCImagePickerController.h; sourceTree = "<group>"; };
		1F3C3FF01AD426C30001A166 /* ELCImagePickerController.m */ = {isa = PBXFileReference; fileEncoding = 4; lastKnownFileType = sourcecode.c.objc; path = ELCImagePickerController.m; sourceTree = "<group>"; };
		1F3C3FF11AD426C30001A166 /* ELCImagePickerHeader.h */ = {isa = PBXFileReference; fileEncoding = 4; lastKnownFileType = sourcecode.c.h; path = ELCImagePickerHeader.h; sourceTree = "<group>"; };
		1F3C3FF21AD426C30001A166 /* ELCOverlayImageView.h */ = {isa = PBXFileReference; fileEncoding = 4; lastKnownFileType = sourcecode.c.h; path = ELCOverlayImageView.h; sourceTree = "<group>"; };
		1F3C3FF31AD426C30001A166 /* ELCOverlayImageView.m */ = {isa = PBXFileReference; fileEncoding = 4; lastKnownFileType = sourcecode.c.objc; path = ELCOverlayImageView.m; sourceTree = "<group>"; };
		1F3C3FFC1AD427060001A166 /* ELCImagePickerDemoAppDelegate.h */ = {isa = PBXFileReference; fileEncoding = 4; lastKnownFileType = sourcecode.c.h; path = ELCImagePickerDemoAppDelegate.h; sourceTree = "<group>"; };
		1F3C3FFD1AD427060001A166 /* ELCImagePickerDemoAppDelegate.m */ = {isa = PBXFileReference; fileEncoding = 4; lastKnownFileType = sourcecode.c.objc; path = ELCImagePickerDemoAppDelegate.m; sourceTree = "<group>"; };
		1F3C3FFE1AD427060001A166 /* ELCImagePickerDemoViewController.h */ = {isa = PBXFileReference; fileEncoding = 4; lastKnownFileType = sourcecode.c.h; path = ELCImagePickerDemoViewController.h; sourceTree = "<group>"; };
		1F3C3FFF1AD427060001A166 /* ELCImagePickerDemoViewController.m */ = {isa = PBXFileReference; fileEncoding = 4; lastKnownFileType = sourcecode.c.objc; path = ELCImagePickerDemoViewController.m; sourceTree = "<group>"; };
		1F3C40021AD427210001A166 /* Overlay.png */ = {isa = PBXFileReference; lastKnownFileType = image.png; path = Overlay.png; sourceTree = "<group>"; };
		1F3C40031AD427210001A166 /* Overlay@2x.png */ = {isa = PBXFileReference; lastKnownFileType = image.png; path = "Overlay@2x.png"; sourceTree = "<group>"; };
		1F6AE5EA1AD5567C00E9FECA /* linen.jpg */ = {isa = PBXFileReference; lastKnownFileType = image.jpeg; path = linen.jpg; sourceTree = "<group>"; };
		1F7B18F31ADAC3F9008C0F8B /* Utils.h */ = {isa = PBXFileReference; fileEncoding = 4; lastKnownFileType = sourcecode.c.h; path = Utils.h; sourceTree = "<group>"; };
		1F7B18F41ADAC3F9008C0F8B /* Utils.m */ = {isa = PBXFileReference; fileEncoding = 4; lastKnownFileType = sourcecode.c.objc; path = Utils.m; sourceTree = "<group>"; };
		1FCC39DC1AD004640086B533 /* SendPhoto.app */ = {isa = PBXFileReference; explicitFileType = wrapper.application; includeInIndex = 0; path = SendPhoto.app; sourceTree = BUILT_PRODUCTS_DIR; };
		1FCC39E01AD004640086B533 /* Info.plist */ = {isa = PBXFileReference; lastKnownFileType = text.plist.xml; path = Info.plist; sourceTree = "<group>"; };
		1FCC39E11AD004640086B533 /* main.m */ = {isa = PBXFileReference; lastKnownFileType = sourcecode.c.objc; path = main.m; sourceTree = "<group>"; };
		1FCC39E31AD004640086B533 /* AppDelegate.h */ = {isa = PBXFileReference; lastKnownFileType = sourcecode.c.h; path = AppDelegate.h; sourceTree = "<group>"; };
		1FCC39E41AD004640086B533 /* AppDelegate.m */ = {isa = PBXFileReference; lastKnownFileType = sourcecode.c.objc; path = AppDelegate.m; sourceTree = "<group>"; };
		1FCC39E61AD004640086B533 /* ViewController.h */ = {isa = PBXFileReference; lastKnownFileType = sourcecode.c.h; path = ViewController.h; sourceTree = "<group>"; };
		1FCC39E71AD004640086B533 /* ViewController.m */ = {isa = PBXFileReference; lastKnownFileType = sourcecode.c.objc; path = ViewController.m; sourceTree = "<group>"; };
		1FCC39EA1AD004640086B533 /* Base */ = {isa = PBXFileReference; lastKnownFileType = file.storyboard; name = Base; path = Base.lproj/Main.storyboard; sourceTree = "<group>"; };
		1FCC39EC1AD004640086B533 /* Images.xcassets */ = {isa = PBXFileReference; lastKnownFileType = folder.assetcatalog; path = Images.xcassets; sourceTree = "<group>"; };
		1FCC39EF1AD004640086B533 /* Base */ = {isa = PBXFileReference; lastKnownFileType = file.xib; name = Base; path = Base.lproj/LaunchScreen.xib; sourceTree = "<group>"; };
		1FCC39F51AD004640086B533 /* SendPhotoTests.xctest */ = {isa = PBXFileReference; explicitFileType = wrapper.cfbundle; includeInIndex = 0; path = SendPhotoTests.xctest; sourceTree = BUILT_PRODUCTS_DIR; };
		1FCC39FA1AD004640086B533 /* Info.plist */ = {isa = PBXFileReference; lastKnownFileType = text.plist.xml; path = Info.plist; sourceTree = "<group>"; };
		1FCC39FB1AD004640086B533 /* SendPhotoTests.m */ = {isa = PBXFileReference; lastKnownFileType = sourcecode.c.objc; path = SendPhotoTests.m; sourceTree = "<group>"; };
		1FCC3A081AD006370086B533 /* PrefixHeader.pch */ = {isa = PBXFileReference; fileEncoding = 4; lastKnownFileType = sourcecode.c.h; path = PrefixHeader.pch; sourceTree = "<group>"; };
		1FCD588B1AD0166F0072F97D /* PhotoSelectedViewController.h */ = {isa = PBXFileReference; fileEncoding = 4; lastKnownFileType = sourcecode.c.h; name = PhotoSelectedViewController.h; path = "View Controllers/PhotoSelectedViewController.h"; sourceTree = "<group>"; };
		1FCD588C1AD0166F0072F97D /* PhotoSelectedViewController.m */ = {isa = PBXFileReference; fileEncoding = 4; lastKnownFileType = sourcecode.c.objc; name = PhotoSelectedViewController.m; path = "View Controllers/PhotoSelectedViewController.m"; sourceTree = "<group>"; };
		1FCD588D1AD0166F0072F97D /* RearMenuViewController.h */ = {isa = PBXFileReference; fileEncoding = 4; lastKnownFileType = sourcecode.c.h; name = RearMenuViewController.h; path = "View Controllers/RearMenuViewController.h"; sourceTree = "<group>"; };
		1FCD588E1AD0166F0072F97D /* RearMenuViewController.m */ = {isa = PBXFileReference; fileEncoding = 4; lastKnownFileType = sourcecode.c.objc; name = RearMenuViewController.m; path = "View Controllers/RearMenuViewController.m"; sourceTree = "<group>"; };
		1FCD588F1AD0166F0072F97D /* SWRevealViewController.h */ = {isa = PBXFileReference; fileEncoding = 4; lastKnownFileType = sourcecode.c.h; name = SWRevealViewController.h; path = "View Controllers/SWRevealViewController.h"; sourceTree = "<group>"; };
		1FCD58901AD0166F0072F97D /* SWRevealViewController.m */ = {isa = PBXFileReference; fileEncoding = 4; lastKnownFileType = sourcecode.c.objc; name = SWRevealViewController.m; path = "View Controllers/SWRevealViewController.m"; sourceTree = "<group>"; };
		1FCD58991AD016F20072F97D /* DatabaseManager.h */ = {isa = PBXFileReference; fileEncoding = 4; lastKnownFileType = sourcecode.c.h; name = DatabaseManager.h; path = Managers/DatabaseManager.h; sourceTree = "<group>"; };
		1FCD589A1AD016F20072F97D /* DatabaseManager.m */ = {isa = PBXFileReference; fileEncoding = 4; lastKnownFileType = sourcecode.c.objc; name = DatabaseManager.m; path = Managers/DatabaseManager.m; sourceTree = "<group>"; };
		1FCD589B1AD016F20072F97D /* PhotoManager.h */ = {isa = PBXFileReference; fileEncoding = 4; lastKnownFileType = sourcecode.c.h; name = PhotoManager.h; path = Managers/PhotoManager.h; sourceTree = "<group>"; };
		1FCD589C1AD016F20072F97D /* PhotoManager.m */ = {isa = PBXFileReference; fileEncoding = 4; lastKnownFileType = sourcecode.c.objc; name = PhotoManager.m; path = Managers/PhotoManager.m; sourceTree = "<group>"; };
		1FCD589F1AD017180072F97D /* flax_texture_1.jpg */ = {isa = PBXFileReference; lastKnownFileType = image.jpeg; name = flax_texture_1.jpg; path = Images/flax_texture_1.jpg; sourceTree = "<group>"; };
		1FCD58A01AD017180072F97D /* menu.png */ = {isa = PBXFileReference; lastKnownFileType = image.png; name = menu.png; path = Images/menu.png; sourceTree = "<group>"; };
		1FCD58A11AD017180072F97D /* menu@2x.png */ = {isa = PBXFileReference; lastKnownFileType = image.png; name = "menu@2x.png"; path = "Images/menu@2x.png"; sourceTree = "<group>"; };
		1FCD58A21AD017180072F97D /* wood_texture_1.jpg */ = {isa = PBXFileReference; lastKnownFileType = image.jpeg; name = wood_texture_1.jpg; path = Images/wood_texture_1.jpg; sourceTree = "<group>"; };
		1FCD58A31AD017180072F97D /* wood_texture_2.jpg */ = {isa = PBXFileReference; lastKnownFileType = image.jpeg; name = wood_texture_2.jpg; path = Images/wood_texture_2.jpg; sourceTree = "<group>"; };
		1FCD58AA1AD017320072F97D /* Photo.h */ = {isa = PBXFileReference; fileEncoding = 4; lastKnownFileType = sourcecode.c.h; name = Photo.h; path = Models/Photo.h; sourceTree = "<group>"; };
		1FCD58AB1AD017320072F97D /* Photo.m */ = {isa = PBXFileReference; fileEncoding = 4; lastKnownFileType = sourcecode.c.objc; name = Photo.m; path = Models/Photo.m; sourceTree = "<group>"; };
		1FCD58AE1AD017690072F97D /* UIImage+Alpha.h */ = {isa = PBXFileReference; fileEncoding = 4; lastKnownFileType = sourcecode.c.h; name = "UIImage+Alpha.h"; path = "UIImage Categories/UIImage+Alpha.h"; sourceTree = "<group>"; };
		1FCD58AF1AD017690072F97D /* UIImage+Alpha.m */ = {isa = PBXFileReference; fileEncoding = 4; lastKnownFileType = sourcecode.c.objc; name = "UIImage+Alpha.m"; path = "UIImage Categories/UIImage+Alpha.m"; sourceTree = "<group>"; };
		1FCD58B01AD017690072F97D /* UIImage+Resize.h */ = {isa = PBXFileReference; fileEncoding = 4; lastKnownFileType = sourcecode.c.h; name = "UIImage+Resize.h"; path = "UIImage Categories/UIImage+Resize.h"; sourceTree = "<group>"; };
		1FCD58B11AD017690072F97D /* UIImage+Resize.m */ = {isa = PBXFileReference; fileEncoding = 4; lastKnownFileType = sourcecode.c.objc; name = "UIImage+Resize.m"; path = "UIImage Categories/UIImage+Resize.m"; sourceTree = "<group>"; };
		1FCD58B21AD017690072F97D /* UIImage+RoundedCorner.h */ = {isa = PBXFileReference; fileEncoding = 4; lastKnownFileType = sourcecode.c.h; name = "UIImage+RoundedCorner.h"; path = "UIImage Categories/UIImage+RoundedCorner.h"; sourceTree = "<group>"; };
		1FCD58B31AD017690072F97D /* UIImage+RoundedCorner.m */ = {isa = PBXFileReference; fileEncoding = 4; lastKnownFileType = sourcecode.c.objc; name = "UIImage+RoundedCorner.m"; path = "UIImage Categories/UIImage+RoundedCorner.m"; sourceTree = "<group>"; };
		656D5536631988C38C124A9D /* Pods.debug.xcconfig */ = {isa = PBXFileReference; includeInIndex = 1; lastKnownFileType = text.xcconfig; name = Pods.debug.xcconfig; path = "Pods/Target Support Files/Pods/Pods.debug.xcconfig"; sourceTree = "<group>"; };
		9B8627AA9AD80F71C70F8CFF /* libPods.a */ = {isa = PBXFileReference; explicitFileType = archive.ar; includeInIndex = 0; path = libPods.a; sourceTree = BUILT_PRODUCTS_DIR; };
		D581BEA38FF7AA3606737476 /* Pods.release.xcconfig */ = {isa = PBXFileReference; includeInIndex = 1; lastKnownFileType = text.xcconfig; name = Pods.release.xcconfig; path = "Pods/Target Support Files/Pods/Pods.release.xcconfig"; sourceTree = "<group>"; };
/* End PBXFileReference section */

/* Begin PBXFrameworksBuildPhase section */
		1FCC39D91AD004640086B533 /* Frameworks */ = {
			isa = PBXFrameworksBuildPhase;
			buildActionMask = 2147483647;
			files = (
				48552DEFB2F6468E7506D237 /* libPods.a in Frameworks */,
			);
			runOnlyForDeploymentPostprocessing = 0;
		};
		1FCC39F21AD004640086B533 /* Frameworks */ = {
			isa = PBXFrameworksBuildPhase;
			buildActionMask = 2147483647;
			files = (
			);
			runOnlyForDeploymentPostprocessing = 0;
		};
/* End PBXFrameworksBuildPhase section */

/* Begin PBXGroup section */
		1F11B6A81AD8076800F2BCC4 /* Views */ = {
			isa = PBXGroup;
			children = (
				1F11B6A91AD807CF00F2BCC4 /* PhotoCell.h */,
				1F11B6AA1AD807CF00F2BCC4 /* PhotoCell.m */,
			);
			name = Views;
			sourceTree = "<group>";
		};
		1F3C3FC21AD423480001A166 /* ELCImagePicker */ = {
			isa = PBXGroup;
			children = (
				1F3C3FFB1AD426F60001A166 /* Demo */,
				1F3C3FE31AD426C30001A166 /* ELCAlbumPickerController.h */,
				1F3C3FE41AD426C30001A166 /* ELCAlbumPickerController.m */,
				1F3C3FE51AD426C30001A166 /* ELCAsset.h */,
				1F3C3FE61AD426C30001A166 /* ELCAsset.m */,
				1F3C3FE71AD426C30001A166 /* ELCAssetCell.h */,
				1F3C3FE81AD426C30001A166 /* ELCAssetCell.m */,
				1F3C3FE91AD426C30001A166 /* ELCAssetPickerFilterDelegate.h */,
				1F3C3FEA1AD426C30001A166 /* ELCAssetSelectionDelegate.h */,
				1F3C3FEB1AD426C30001A166 /* ELCAssetTablePicker.h */,
				1F3C3FEC1AD426C30001A166 /* ELCAssetTablePicker.m */,
				1F3C3FED1AD426C30001A166 /* ELCConsole.h */,
				1F3C3FEE1AD426C30001A166 /* ELCConsole.m */,
				1F3C3FEF1AD426C30001A166 /* ELCImagePickerController.h */,
				1F3C3FF01AD426C30001A166 /* ELCImagePickerController.m */,
				1F3C3FF11AD426C30001A166 /* ELCImagePickerHeader.h */,
				1F3C3FF21AD426C30001A166 /* ELCOverlayImageView.h */,
				1F3C3FF31AD426C30001A166 /* ELCOverlayImageView.m */,
			);
			name = ELCImagePicker;
			sourceTree = "<group>";
		};
		1F3C3FFB1AD426F60001A166 /* Demo */ = {
			isa = PBXGroup;
			children = (
				1F3C3FFC1AD427060001A166 /* ELCImagePickerDemoAppDelegate.h */,
				1F3C3FFD1AD427060001A166 /* ELCImagePickerDemoAppDelegate.m */,
				1F3C3FFE1AD427060001A166 /* ELCImagePickerDemoViewController.h */,
				1F3C3FFF1AD427060001A166 /* ELCImagePickerDemoViewController.m */,
			);
			name = Demo;
			sourceTree = "<group>";
		};
		1FCC39D31AD004640086B533 = {
			isa = PBXGroup;
			children = (
				1FCC39DE1AD004640086B533 /* SendPhoto */,
				1FCC39F81AD004640086B533 /* SendPhotoTests */,
				1FCC39DD1AD004640086B533 /* Products */,
				287D42E6B8BEB9DC4E5F1D59 /* Pods */,
				CCD7A50ED8467AEBBCD42024 /* Frameworks */,
			);
			sourceTree = "<group>";
		};
		1FCC39DD1AD004640086B533 /* Products */ = {
			isa = PBXGroup;
			children = (
				1FCC39DC1AD004640086B533 /* SendPhoto.app */,
				1FCC39F51AD004640086B533 /* SendPhotoTests.xctest */,
			);
			name = Products;
			sourceTree = "<group>";
		};
		1FCC39DE1AD004640086B533 /* SendPhoto */ = {
			isa = PBXGroup;
			children = (
				1F11B6A81AD8076800F2BCC4 /* Views */,
				1FCD58AD1AD0173A0072F97D /* UIImage Categories */,
				1F3C3FC21AD423480001A166 /* ELCImagePicker */,
				1FCD58A91AD017240072F97D /* Models */,
				1FCD58981AD016DB0072F97D /* Managers */,
				1FCD588A1AD016580072F97D /* View Controllers */,
				1FCC39E31AD004640086B533 /* AppDelegate.h */,
				1FCC39E41AD004640086B533 /* AppDelegate.m */,
				1FCC39E61AD004640086B533 /* ViewController.h */,
				1FCC39E71AD004640086B533 /* ViewController.m */,
				1FCC39E91AD004640086B533 /* Main.storyboard */,
				1FCC39EC1AD004640086B533 /* Images.xcassets */,
				1FCC39EE1AD004640086B533 /* LaunchScreen.xib */,
				1FCC39DF1AD004640086B533 /* Supporting Files */,
				1F7B18F31ADAC3F9008C0F8B /* Utils.h */,
				1F7B18F41ADAC3F9008C0F8B /* Utils.m */,
			);
			path = SendPhoto;
			sourceTree = "<group>";
		};
		1FCC39DF1AD004640086B533 /* Supporting Files */ = {
			isa = PBXGroup;
			children = (
				1F6AE5EA1AD5567C00E9FECA /* linen.jpg */,
				1F3C40021AD427210001A166 /* Overlay.png */,
				1F3C40031AD427210001A166 /* Overlay@2x.png */,
				1FCD589F1AD017180072F97D /* flax_texture_1.jpg */,
				1FCD58A01AD017180072F97D /* menu.png */,
				1FCD58A11AD017180072F97D /* menu@2x.png */,
				1FCD58A21AD017180072F97D /* wood_texture_1.jpg */,
				1FCD58A31AD017180072F97D /* wood_texture_2.jpg */,
				1FCC3A081AD006370086B533 /* PrefixHeader.pch */,
				1FCC39E01AD004640086B533 /* Info.plist */,
				1FCC39E11AD004640086B533 /* main.m */,
			);
			name = "Supporting Files";
			sourceTree = "<group>";
		};
		1FCC39F81AD004640086B533 /* SendPhotoTests */ = {
			isa = PBXGroup;
			children = (
				1FCC39FB1AD004640086B533 /* SendPhotoTests.m */,
				1FCC39F91AD004640086B533 /* Supporting Files */,
			);
			path = SendPhotoTests;
			sourceTree = "<group>";
		};
		1FCC39F91AD004640086B533 /* Supporting Files */ = {
			isa = PBXGroup;
			children = (
				1FCC39FA1AD004640086B533 /* Info.plist */,
			);
			name = "Supporting Files";
			sourceTree = "<group>";
		};
		1FCD588A1AD016580072F97D /* View Controllers */ = {
			isa = PBXGroup;
			children = (
				1FCD588B1AD0166F0072F97D /* PhotoSelectedViewController.h */,
				1FCD588C1AD0166F0072F97D /* PhotoSelectedViewController.m */,
				1FCD588D1AD0166F0072F97D /* RearMenuViewController.h */,
				1FCD588E1AD0166F0072F97D /* RearMenuViewController.m */,
				1FCD588F1AD0166F0072F97D /* SWRevealViewController.h */,
				1FCD58901AD0166F0072F97D /* SWRevealViewController.m */,
			);
			name = "View Controllers";
			sourceTree = "<group>";
		};
		1FCD58981AD016DB0072F97D /* Managers */ = {
			isa = PBXGroup;
			children = (
				1FCD58991AD016F20072F97D /* DatabaseManager.h */,
				1FCD589A1AD016F20072F97D /* DatabaseManager.m */,
				1FCD589B1AD016F20072F97D /* PhotoManager.h */,
				1FCD589C1AD016F20072F97D /* PhotoManager.m */,
			);
			name = Managers;
			sourceTree = "<group>";
		};
		1FCD58A91AD017240072F97D /* Models */ = {
			isa = PBXGroup;
			children = (
				1FCD58AA1AD017320072F97D /* Photo.h */,
				1FCD58AB1AD017320072F97D /* Photo.m */,
			);
			name = Models;
			sourceTree = "<group>";
		};
		1FCD58AD1AD0173A0072F97D /* UIImage Categories */ = {
			isa = PBXGroup;
			children = (
				1FCD58AE1AD017690072F97D /* UIImage+Alpha.h */,
				1FCD58AF1AD017690072F97D /* UIImage+Alpha.m */,
				1FCD58B01AD017690072F97D /* UIImage+Resize.h */,
				1FCD58B11AD017690072F97D /* UIImage+Resize.m */,
				1FCD58B21AD017690072F97D /* UIImage+RoundedCorner.h */,
				1FCD58B31AD017690072F97D /* UIImage+RoundedCorner.m */,
			);
			name = "UIImage Categories";
			sourceTree = "<group>";
		};
		287D42E6B8BEB9DC4E5F1D59 /* Pods */ = {
			isa = PBXGroup;
			children = (
				656D5536631988C38C124A9D /* Pods.debug.xcconfig */,
				D581BEA38FF7AA3606737476 /* Pods.release.xcconfig */,
			);
			name = Pods;
			sourceTree = "<group>";
		};
		CCD7A50ED8467AEBBCD42024 /* Frameworks */ = {
			isa = PBXGroup;
			children = (
				9B8627AA9AD80F71C70F8CFF /* libPods.a */,
			);
			name = Frameworks;
			sourceTree = "<group>";
		};
/* End PBXGroup section */

/* Begin PBXNativeTarget section */
		1FCC39DB1AD004640086B533 /* SendPhoto */ = {
			isa = PBXNativeTarget;
			buildConfigurationList = 1FCC39FF1AD004640086B533 /* Build configuration list for PBXNativeTarget "SendPhoto" */;
			buildPhases = (
				E2F20E42099634CBED132130 /* Check Pods Manifest.lock */,
				1FCC39D81AD004640086B533 /* Sources */,
				1FCC39D91AD004640086B533 /* Frameworks */,
				1FCC39DA1AD004640086B533 /* Resources */,
				B14E8BE3F198A979C2986CEA /* Copy Pods Resources */,
			);
			buildRules = (
			);
			dependencies = (
			);
			name = SendPhoto;
			productName = SendPhoto;
			productReference = 1FCC39DC1AD004640086B533 /* SendPhoto.app */;
			productType = "com.apple.product-type.application";
		};
		1FCC39F41AD004640086B533 /* SendPhotoTests */ = {
			isa = PBXNativeTarget;
			buildConfigurationList = 1FCC3A021AD004640086B533 /* Build configuration list for PBXNativeTarget "SendPhotoTests" */;
			buildPhases = (
				1FCC39F11AD004640086B533 /* Sources */,
				1FCC39F21AD004640086B533 /* Frameworks */,
				1FCC39F31AD004640086B533 /* Resources */,
			);
			buildRules = (
			);
			dependencies = (
				1FCC39F71AD004640086B533 /* PBXTargetDependency */,
			);
			name = SendPhotoTests;
			productName = SendPhotoTests;
			productReference = 1FCC39F51AD004640086B533 /* SendPhotoTests.xctest */;
			productType = "com.apple.product-type.bundle.unit-test";
		};
/* End PBXNativeTarget section */

/* Begin PBXProject section */
		1FCC39D41AD004640086B533 /* Project object */ = {
			isa = PBXProject;
			attributes = {
				LastUpgradeCheck = 0620;
				ORGANIZATIONNAME = Alexander;
				TargetAttributes = {
					1FCC39DB1AD004640086B533 = {
						CreatedOnToolsVersion = 6.2;
					};
					1FCC39F41AD004640086B533 = {
						CreatedOnToolsVersion = 6.2;
						TestTargetID = 1FCC39DB1AD004640086B533;
					};
				};
			};
			buildConfigurationList = 1FCC39D71AD004640086B533 /* Build configuration list for PBXProject "SendPhoto" */;
			compatibilityVersion = "Xcode 3.2";
			developmentRegion = English;
			hasScannedForEncodings = 0;
			knownRegions = (
				en,
				Base,
			);
			mainGroup = 1FCC39D31AD004640086B533;
			productRefGroup = 1FCC39DD1AD004640086B533 /* Products */;
			projectDirPath = "";
			projectRoot = "";
			targets = (
				1FCC39DB1AD004640086B533 /* SendPhoto */,
				1FCC39F41AD004640086B533 /* SendPhotoTests */,
			);
		};
/* End PBXProject section */

/* Begin PBXResourcesBuildPhase section */
		1FCC39DA1AD004640086B533 /* Resources */ = {
			isa = PBXResourcesBuildPhase;
			buildActionMask = 2147483647;
			files = (
				1FCD58A71AD017180072F97D /* wood_texture_1.jpg in Resources */,
				1FCD58A41AD017180072F97D /* flax_texture_1.jpg in Resources */,
				1FCC39EB1AD004640086B533 /* Main.storyboard in Resources */,
				1F6AE5EB1AD5567C00E9FECA /* linen.jpg in Resources */,
				1FCD58A51AD017180072F97D /* menu.png in Resources */,
				1FCD58A61AD017180072F97D /* menu@2x.png in Resources */,
				1F3C40051AD427210001A166 /* Overlay@2x.png in Resources */,
				1FCD58A81AD017180072F97D /* wood_texture_2.jpg in Resources */,
				1F3C40041AD427210001A166 /* Overlay.png in Resources */,
				1FCC39F01AD004640086B533 /* LaunchScreen.xib in Resources */,
				1FCC39ED1AD004640086B533 /* Images.xcassets in Resources */,
			);
			runOnlyForDeploymentPostprocessing = 0;
		};
		1FCC39F31AD004640086B533 /* Resources */ = {
			isa = PBXResourcesBuildPhase;
			buildActionMask = 2147483647;
			files = (
			);
			runOnlyForDeploymentPostprocessing = 0;
		};
/* End PBXResourcesBuildPhase section */

/* Begin PBXShellScriptBuildPhase section */
		B14E8BE3F198A979C2986CEA /* Copy Pods Resources */ = {
			isa = PBXShellScriptBuildPhase;
			buildActionMask = 2147483647;
			files = (
			);
			inputPaths = (
			);
			name = "Copy Pods Resources";
			outputPaths = (
			);
			runOnlyForDeploymentPostprocessing = 0;
			shellPath = /bin/sh;
			shellScript = "\"${SRCROOT}/Pods/Target Support Files/Pods/Pods-resources.sh\"\n";
			showEnvVarsInLog = 0;
		};
		E2F20E42099634CBED132130 /* Check Pods Manifest.lock */ = {
			isa = PBXShellScriptBuildPhase;
			buildActionMask = 2147483647;
			files = (
			);
			inputPaths = (
			);
			name = "Check Pods Manifest.lock";
			outputPaths = (
			);
			runOnlyForDeploymentPostprocessing = 0;
			shellPath = /bin/sh;
			shellScript = "diff \"${PODS_ROOT}/../Podfile.lock\" \"${PODS_ROOT}/Manifest.lock\" > /dev/null\nif [[ $? != 0 ]] ; then\n    cat << EOM\nerror: The sandbox is not in sync with the Podfile.lock. Run 'pod install' or update your CocoaPods installation.\nEOM\n    exit 1\nfi\n";
			showEnvVarsInLog = 0;
		};
/* End PBXShellScriptBuildPhase section */

/* Begin PBXSourcesBuildPhase section */
		1FCC39D81AD004640086B533 /* Sources */ = {
			isa = PBXSourcesBuildPhase;
			buildActionMask = 2147483647;
			files = (
				1F3C40001AD427060001A166 /* ELCImagePickerDemoAppDelegate.m in Sources */,
				1FCC39E81AD004640086B533 /* ViewController.m in Sources */,
				1F3C3FF51AD426C30001A166 /* ELCAsset.m in Sources */,
				1F3C3FF91AD426C30001A166 /* ELCImagePickerController.m in Sources */,
				1FCD589D1AD016F20072F97D /* DatabaseManager.m in Sources */,
				1FCC39E51AD004640086B533 /* AppDelegate.m in Sources */,
				1FCD58AC1AD017320072F97D /* Photo.m in Sources */,
				1F3C3FFA1AD426C30001A166 /* ELCOverlayImageView.m in Sources */,
				1F3C3FF61AD426C30001A166 /* ELCAssetCell.m in Sources */,
				1FCD58B61AD017690072F97D /* UIImage+RoundedCorner.m in Sources */,
				1F11B6AB1AD807CF00F2BCC4 /* PhotoCell.m in Sources */,
				1FCC39E21AD004640086B533 /* main.m in Sources */,
				1FCD58911AD0166F0072F97D /* PhotoSelectedViewController.m in Sources */,
				1FCD58921AD0166F0072F97D /* RearMenuViewController.m in Sources */,
				1F3C40011AD427060001A166 /* ELCImagePickerDemoViewController.m in Sources */,
				1F3C3FF71AD426C30001A166 /* ELCAssetTablePicker.m in Sources */,
				1FCD589E1AD016F20072F97D /* PhotoManager.m in Sources */,
				1F3C3FF81AD426C30001A166 /* ELCConsole.m in Sources */,
				1F3C3FF41AD426C30001A166 /* ELCAlbumPickerController.m in Sources */,
				1FCD58B51AD017690072F97D /* UIImage+Resize.m in Sources */,
				1FCD58B41AD017690072F97D /* UIImage+Alpha.m in Sources */,
				1F7B18F51ADAC3F9008C0F8B /* Utils.m in Sources */,
				1FCD58931AD0166F0072F97D /* SWRevealViewController.m in Sources */,
			);
			runOnlyForDeploymentPostprocessing = 0;
		};
		1FCC39F11AD004640086B533 /* Sources */ = {
			isa = PBXSourcesBuildPhase;
			buildActionMask = 2147483647;
			files = (
				1FCC39FC1AD004640086B533 /* SendPhotoTests.m in Sources */,
			);
			runOnlyForDeploymentPostprocessing = 0;
		};
/* End PBXSourcesBuildPhase section */

/* Begin PBXTargetDependency section */
		1FCC39F71AD004640086B533 /* PBXTargetDependency */ = {
			isa = PBXTargetDependency;
			target = 1FCC39DB1AD004640086B533 /* SendPhoto */;
			targetProxy = 1FCC39F61AD004640086B533 /* PBXContainerItemProxy */;
		};
/* End PBXTargetDependency section */

/* Begin PBXVariantGroup section */
		1FCC39E91AD004640086B533 /* Main.storyboard */ = {
			isa = PBXVariantGroup;
			children = (
				1FCC39EA1AD004640086B533 /* Base */,
			);
			name = Main.storyboard;
			sourceTree = "<group>";
		};
		1FCC39EE1AD004640086B533 /* LaunchScreen.xib */ = {
			isa = PBXVariantGroup;
			children = (
				1FCC39EF1AD004640086B533 /* Base */,
			);
			name = LaunchScreen.xib;
			sourceTree = "<group>";
		};
/* End PBXVariantGroup section */

/* Begin XCBuildConfiguration section */
		1FCC39FD1AD004640086B533 /* Debug */ = {
			isa = XCBuildConfiguration;
			buildSettings = {
				ALWAYS_SEARCH_USER_PATHS = NO;
				CLANG_CXX_LANGUAGE_STANDARD = "gnu++0x";
				CLANG_CXX_LIBRARY = "libc++";
				CLANG_ENABLE_MODULES = YES;
				CLANG_ENABLE_OBJC_ARC = YES;
				CLANG_WARN_BOOL_CONVERSION = YES;
				CLANG_WARN_CONSTANT_CONVERSION = YES;
				CLANG_WARN_DIRECT_OBJC_ISA_USAGE = YES_ERROR;
				CLANG_WARN_EMPTY_BODY = YES;
				CLANG_WARN_ENUM_CONVERSION = YES;
				CLANG_WARN_INT_CONVERSION = YES;
				CLANG_WARN_OBJC_ROOT_CLASS = YES_ERROR;
				CLANG_WARN_UNREACHABLE_CODE = YES;
				CLANG_WARN__DUPLICATE_METHOD_MATCH = YES;
				"CODE_SIGN_IDENTITY[sdk=iphoneos*]" = "iPhone Developer";
				COPY_PHASE_STRIP = NO;
				ENABLE_STRICT_OBJC_MSGSEND = YES;
				GCC_C_LANGUAGE_STANDARD = gnu99;
				GCC_DYNAMIC_NO_PIC = NO;
				GCC_OPTIMIZATION_LEVEL = 0;
				GCC_PRECOMPILE_PREFIX_HEADER = YES;
				GCC_PREFIX_HEADER = /Users/Aleksandr/Desktop/PhotoExample/SendPhoto/SendPhoto/PrefixHeader.pch;
				GCC_PREPROCESSOR_DEFINITIONS = (
					"DEBUG=1",
					"$(inherited)",
				);
				GCC_SYMBOLS_PRIVATE_EXTERN = NO;
				GCC_WARN_64_TO_32_BIT_CONVERSION = YES;
				GCC_WARN_ABOUT_RETURN_TYPE = YES_ERROR;
				GCC_WARN_UNDECLARED_SELECTOR = YES;
				GCC_WARN_UNINITIALIZED_AUTOS = YES_AGGRESSIVE;
				GCC_WARN_UNUSED_FUNCTION = YES;
				GCC_WARN_UNUSED_VARIABLE = YES;
				IPHONEOS_DEPLOYMENT_TARGET = 8.2;
				MTL_ENABLE_DEBUG_INFO = YES;
				ONLY_ACTIVE_ARCH = YES;
				SDKROOT = iphoneos;
			};
			name = Debug;
		};
		1FCC39FE1AD004640086B533 /* Release */ = {
			isa = XCBuildConfiguration;
			buildSettings = {
				ALWAYS_SEARCH_USER_PATHS = NO;
				CLANG_CXX_LANGUAGE_STANDARD = "gnu++0x";
				CLANG_CXX_LIBRARY = "libc++";
				CLANG_ENABLE_MODULES = YES;
				CLANG_ENABLE_OBJC_ARC = YES;
				CLANG_WARN_BOOL_CONVERSION = YES;
				CLANG_WARN_CONSTANT_CONVERSION = YES;
				CLANG_WARN_DIRECT_OBJC_ISA_USAGE = YES_ERROR;
				CLANG_WARN_EMPTY_BODY = YES;
				CLANG_WARN_ENUM_CONVERSION = YES;
				CLANG_WARN_INT_CONVERSION = YES;
				CLANG_WARN_OBJC_ROOT_CLASS = YES_ERROR;
				CLANG_WARN_UNREACHABLE_CODE = YES;
				CLANG_WARN__DUPLICATE_METHOD_MATCH = YES;
				"CODE_SIGN_IDENTITY[sdk=iphoneos*]" = "iPhone Developer";
				COPY_PHASE_STRIP = NO;
				ENABLE_NS_ASSERTIONS = NO;
				ENABLE_STRICT_OBJC_MSGSEND = YES;
				GCC_C_LANGUAGE_STANDARD = gnu99;
				GCC_PRECOMPILE_PREFIX_HEADER = YES;
				GCC_PREFIX_HEADER = /Users/Aleksandr/Desktop/PhotoExample/SendPhoto/SendPhoto/PrefixHeader.pch;
				GCC_WARN_64_TO_32_BIT_CONVERSION = YES;
				GCC_WARN_ABOUT_RETURN_TYPE = YES_ERROR;
				GCC_WARN_UNDECLARED_SELECTOR = YES;
				GCC_WARN_UNINITIALIZED_AUTOS = YES_AGGRESSIVE;
				GCC_WARN_UNUSED_FUNCTION = YES;
				GCC_WARN_UNUSED_VARIABLE = YES;
				IPHONEOS_DEPLOYMENT_TARGET = 8.2;
				MTL_ENABLE_DEBUG_INFO = NO;
				SDKROOT = iphoneos;
				VALIDATE_PRODUCT = YES;
			};
			name = Release;
		};
		1FCC3A001AD004640086B533 /* Debug */ = {
			isa = XCBuildConfiguration;
			baseConfigurationReference = 656D5536631988C38C124A9D /* Pods.debug.xcconfig */;
			buildSettings = {
				ASSETCATALOG_COMPILER_APPICON_NAME = AppIcon;
				GCC_PRECOMPILE_PREFIX_HEADER = YES;
				GCC_PREFIX_HEADER = /Users/Aleksandr/Desktop/PhotoExample/SendPhoto/SendPhoto/PrefixHeader.pch;
				INFOPLIST_FILE = SendPhoto/Info.plist;
				LD_RUNPATH_SEARCH_PATHS = "$(inherited) @executable_path/Frameworks";
				PRODUCT_NAME = "$(TARGET_NAME)";
			};
			name = Debug;
		};
		1FCC3A011AD004640086B533 /* Release */ = {
			isa = XCBuildConfiguration;
			baseConfigurationReference = D581BEA38FF7AA3606737476 /* Pods.release.xcconfig */;
			buildSettings = {
				ASSETCATALOG_COMPILER_APPICON_NAME = AppIcon;
				GCC_PRECOMPILE_PREFIX_HEADER = YES;
				GCC_PREFIX_HEADER = /Users/Aleksandr/Desktop/PhotoExample/SendPhoto/SendPhoto/PrefixHeader.pch;
				INFOPLIST_FILE = SendPhoto/Info.plist;
				LD_RUNPATH_SEARCH_PATHS = "$(inherited) @executable_path/Frameworks";
				PRODUCT_NAME = "$(TARGET_NAME)";
			};
			name = Release;
		};
		1FCC3A031AD004640086B533 /* Debug */ = {
			isa = XCBuildConfiguration;
			buildSettings = {
				BUNDLE_LOADER = "$(TEST_HOST)";
				FRAMEWORK_SEARCH_PATHS = (
					"$(SDKROOT)/Developer/Library/Frameworks",
					"$(inherited)",
				);
				GCC_PREPROCESSOR_DEFINITIONS = (
					"DEBUG=1",
					"$(inherited)",
				);
				INFOPLIST_FILE = SendPhotoTests/Info.plist;
				LD_RUNPATH_SEARCH_PATHS = "$(inherited) @executable_path/Frameworks @loader_path/Frameworks";
				PRODUCT_NAME = "$(TARGET_NAME)";
				TEST_HOST = "$(BUILT_PRODUCTS_DIR)/SendPhoto.app/SendPhoto";
			};
			name = Debug;
		};
		1FCC3A041AD004640086B533 /* Release */ = {
			isa = XCBuildConfiguration;
			buildSettings = {
				BUNDLE_LOADER = "$(TEST_HOST)";
				FRAMEWORK_SEARCH_PATHS = (
					"$(SDKROOT)/Developer/Library/Frameworks",
					"$(inherited)",
				);
				INFOPLIST_FILE = SendPhotoTests/Info.plist;
				LD_RUNPATH_SEARCH_PATHS = "$(inherited) @executable_path/Frameworks @loader_path/Frameworks";
				PRODUCT_NAME = "$(TARGET_NAME)";
				TEST_HOST = "$(BUILT_PRODUCTS_DIR)/SendPhoto.app/SendPhoto";
			};
			name = Release;
		};
/* End XCBuildConfiguration section */

/* Begin XCConfigurationList section */
		1FCC39D71AD004640086B533 /* Build configuration list for PBXProject "SendPhoto" */ = {
			isa = XCConfigurationList;
			buildConfigurations = (
				1FCC39FD1AD004640086B533 /* Debug */,
				1FCC39FE1AD004640086B533 /* Release */,
			);
			defaultConfigurationIsVisible = 0;
			defaultConfigurationName = Release;
		};
		1FCC39FF1AD004640086B533 /* Build configuration list for PBXNativeTarget "SendPhoto" */ = {
			isa = XCConfigurationList;
			buildConfigurations = (
				1FCC3A001AD004640086B533 /* Debug */,
				1FCC3A011AD004640086B533 /* Release */,
			);
			defaultConfigurationIsVisible = 0;
			defaultConfigurationName = Release;
		};
		1FCC3A021AD004640086B533 /* Build configuration list for PBXNativeTarget "SendPhotoTests" */ = {
			isa = XCConfigurationList;
			buildConfigurations = (
				1FCC3A031AD004640086B533 /* Debug */,
				1FCC3A041AD004640086B533 /* Release */,
			);
			defaultConfigurationIsVisible = 0;
			defaultConfigurationName = Release;
		};
/* End XCConfigurationList section */
	};
	rootObject = 1FCC39D41AD004640086B533 /* Project object */;
}
